
Microsoft Visual Studio Solution File, Format Version 12.00
# Visual Studio Version 17
VisualStudioVersion = 17.14.36930.0
MinimumVisualStudioVersion = 10.0.40219.1
Project("{2150E333-8FDC-42A3-9474-1A3956D46DE8}") = "Task0", "Task0", "{02EA681E-C7D8-13C7-8484-4AC65E1B71E8}"
EndProject
Project("{FAE04EC0-301F-11D3-BF4B-00C04F79EFBC}") = "Tyuiu.AshirovaDA.Sprint1.Task0.V18", "Tyuiu.AshirovaDA.Sprint1.Task0.V18\Tyuiu.AshirovaDA.Sprint1.Task0.V18.csproj", "{ED3EC63D-29DB-4CE9-942D-A484F9ED3E53}"
EndProject
Project("{FAE04EC0-301F-11D3-BF4B-00C04F79EFBC}") = "Tyuiu.AshirovaDA.Sprint1.Task0.V18.Lib", "Tyuiu.AshirovaDA.Sprint1.Task0.V18.Lib\Tyuiu.AshirovaDA.Sprint1.Task0.V18.Lib.csproj", "{781B92A2-3024-4078-A17A-9A645FC2A94F}"
EndProject
Project("{FAE04EC0-301F-11D3-BF4B-00C04F79EFBC}") = "Tyuiu.AshirovaDA.Sprint1.Task0.V18.Test", "Tyuiu.AshirovaDA.Sprint1.Task0.V18.Test\Tyuiu.AshirovaDA.Sprint1.Task0.V18.Test.csproj", "{4FBE0979-0279-45D0-9066-8C946B0B62D8}"
EndProject
Project("{2150E333-8FDC-42A3-9474-1A3956D46DE8}") = "Task1", "Task1", "{C1997477-B591-4AF0-9EE3-10F78067FA5E}"
EndProject
Project("{FAE04EC0-301F-11D3-BF4B-00C04F79EFBC}") = "Tyuiu.AshirovaDA.Sprint1.Task1.V27", "Tyuiu.AshirovaDA.Sprint1.Task1.V27\Tyuiu.AshirovaDA.Sprint1.Task1.V27.csproj", "{09CF981C-B572-4B43-85CB-BEA064F1C312}"
EndProject
Project("{FAE04EC0-301F-11D3-BF4B-00C04F79EFBC}") = "Tyuiu.AshirovaDA.Sprint1.Task1.V27.Test", "Tyuiu.AshirovaDA.Sprint1.Task1.V27.Test\Tyuiu.AshirovaDA.Sprint1.Task1.V27.Test.csproj", "{452CF60F-BA34-4A9C-91F7-EF4544FB44F2}"
EndProject
Project("{FAE04EC0-301F-11D3-BF4B-00C04F79EFBC}") = "Tyuiu.AshirovaDA.Sprint1.Task1.V27.Lib", "Tyuiu.AshirovaDA.Sprint1.Task1.V27.Lib\Tyuiu.AshirovaDA.Sprint1.Task1.V27.Lib.csproj", "{464349D2-306B-4236-BD94-DA522814392C}"
EndProject
Project("{2150E333-8FDC-42A3-9474-1A3956D46DE8}") = "Task2", "Task2", "{116CE95A-4B9B-4B9F-8803-9D1A0AE61B31}"
EndProject
Project("{FAE04EC0-301F-11D3-BF4B-00C04F79EFBC}") = "Tyuiu.AshirovaDA.Sprint1.Task2.V6", "Tyuiu.AshirovaDA.Sprint1.Task2.V6\Tyuiu.AshirovaDA.Sprint1.Task2.V6.csproj", "{1BBFCADC-B562-421A-9A23-882546755607}"
EndProject
Project("{FAE04EC0-301F-11D3-BF4B-00C04F79EFBC}") = "Tyuiu.AshirovaDA.Sprint1.Task2.V6.Test", "Tyuiu.AshirovaDA.Sprint1.Task2.V6.Test\Tyuiu.AshirovaDA.Sprint1.Task2.V6.Test.csproj", "{93EF9963-9CFC-4334-87AA-737F2C109146}"
EndProject
Project("{FAE04EC0-301F-11D3-BF4B-00C04F79EFBC}") = "Tyuiu.AshirovaDA.Sprint1.Task2.V6.Lib", "Tyuiu.AshirovaDA.Sprint1.Task2.V6.Lib\Tyuiu.AshirovaDA.Sprint1.Task2.V6.Lib.csproj", "{975EC220-6199-49AD-9252-D0FACD5649C1}"
EndProject
Project("{2150E333-8FDC-42A3-9474-1A3956D46DE8}") = "Task3", "Task3", "{7AC58F04-B4F3-42BF-A704-71BAB33B8336}"
EndProject
Project("{FAE04EC0-301F-11D3-BF4B-00C04F79EFBC}") = "Tyuiu.AshirovaDA.Sprint1.Task3.V8", "Tyuiu.AshirovaDA.Sprint1.Task3.V8\Tyuiu.AshirovaDA.Sprint1.Task3.V8.csproj", "{2E18E0E2-6807-4CD4-81A1-3DE950B7DF96}"
EndProject
Project("{FAE04EC0-301F-11D3-BF4B-00C04F79EFBC}") = "Tyuiu.AshirovaDA.Sprint1.Task3.V8.Lib", "Tyuiu.AshirovaDA.Sprint1.Task3.V8.Lib\Tyuiu.AshirovaDA.Sprint1.Task3.V8.Lib.csproj", "{2BAF6FF9-3BCC-40E9-BFB4-4A07D4598A12}"
EndProject
Project("{FAE04EC0-301F-11D3-BF4B-00C04F79EFBC}") = "Tyuiu.AshirovaDA.Sprint1.Task3.V8.Test", "Tyuiu.AshirovaDA.Sprint1.Task3.V8.Test\Tyuiu.AshirovaDA.Sprint1.Task3.V8.Test.csproj", "{CF40C3C1-4A85-4D79-8667-8C1064828990}"
EndProject
Project("{2150E333-8FDC-42A3-9474-1A3956D46DE8}") = "Task4", "Task4", "{6A4938C1-2AA6-4709-9E80-C29702C75285}"
EndProject
Project("{FAE04EC0-301F-11D3-BF4B-00C04F79EFBC}") = "Tyuiu.AshirovaDA.Sprint1.Task4.V13", "Tyuiu.AshirovaDA.Sprint1.Task4.V13\Tyuiu.AshirovaDA.Sprint1.Task4.V13.csproj", "{D83BBF88-D900-4E43-98EF-B892E93BFB56}"
EndProject
Project("{FAE04EC0-301F-11D3-BF4B-00C04F79EFBC}") = "Tyuiu.AshirovaDA.Sprint1.Task4.V13.Lib", "Tyuiu.AshirovaDA.Sprint1.Task4.V13.Lib\Tyuiu.AshirovaDA.Sprint1.Task4.V13.Lib.csproj", "{5FE9B5A0-B9C4-4E50-B2BE-78478931C9C0}"
EndProject
Project("{FAE04EC0-301F-11D3-BF4B-00C04F79EFBC}") = "Tyuiu.AshirovaDA.Sprint1.Task4.V13.Test", "Tyuiu.AshirovaDA.Sprint1.Task4.V13.Test\Tyuiu.AshirovaDA.Sprint1.Task4.V13.Test.csproj", "{97A9B3E5-B904-4AC0-BD48-8098A899F131}"
EndProject
Global
	GlobalSection(SolutionConfigurationPlatforms) = preSolution
		Debug|Any CPU = Debug|Any CPU
		Release|Any CPU = Release|Any CPU
	EndGlobalSection
	GlobalSection(ProjectConfigurationPlatforms) = postSolution
		{ED3EC63D-29DB-4CE9-942D-A484F9ED3E53}.Debug|Any CPU.ActiveCfg = Debug|Any CPU
		{ED3EC63D-29DB-4CE9-942D-A484F9ED3E53}.Debug|Any CPU.Build.0 = Debug|Any CPU
		{ED3EC63D-29DB-4CE9-942D-A484F9ED3E53}.Release|Any CPU.ActiveCfg = Release|Any CPU
		{ED3EC63D-29DB-4CE9-942D-A484F9ED3E53}.Release|Any CPU.Build.0 = Release|Any CPU
		{781B92A2-3024-4078-A17A-9A645FC2A94F}.Debug|Any CPU.ActiveCfg = Debug|Any CPU
		{781B92A2-3024-4078-A17A-9A645FC2A94F}.Debug|Any CPU.Build.0 = Debug|Any CPU
		{781B92A2-3024-4078-A17A-9A645FC2A94F}.Release|Any CPU.ActiveCfg = Release|Any CPU
		{781B92A2-3024-4078-A17A-9A645FC2A94F}.Release|Any CPU.Build.0 = Release|Any CPU
		{4FBE0979-0279-45D0-9066-8C946B0B62D8}.Debug|Any CPU.ActiveCfg = Debug|Any CPU
		{4FBE0979-0279-45D0-9066-8C946B0B62D8}.Debug|Any CPU.Build.0 = Debug|Any CPU
		{4FBE0979-0279-45D0-9066-8C946B0B62D8}.Release|Any CPU.ActiveCfg = Release|Any CPU
		{4FBE0979-0279-45D0-9066-8C946B0B62D8}.Release|Any CPU.Build.0 = Release|Any CPU
		{09CF981C-B572-4B43-85CB-BEA064F1C312}.Debug|Any CPU.ActiveCfg = Debug|Any CPU
		{09CF981C-B572-4B43-85CB-BEA064F1C312}.Debug|Any CPU.Build.0 = Debug|Any CPU
		{09CF981C-B572-4B43-85CB-BEA064F1C312}.Release|Any CPU.ActiveCfg = Release|Any CPU
		{09CF981C-B572-4B43-85CB-BEA064F1C312}.Release|Any CPU.Build.0 = Release|Any CPU
		{452CF60F-BA34-4A9C-91F7-EF4544FB44F2}.Debug|Any CPU.ActiveCfg = Debug|Any CPU
		{452CF60F-BA34-4A9C-91F7-EF4544FB44F2}.Debug|Any CPU.Build.0 = Debug|Any CPU
		{452CF60F-BA34-4A9C-91F7-EF4544FB44F2}.Release|Any CPU.ActiveCfg = Release|Any CPU
		{452CF60F-BA34-4A9C-91F7-EF4544FB44F2}.Release|Any CPU.Build.0 = Release|Any CPU
		{464349D2-306B-4236-BD94-DA522814392C}.Debug|Any CPU.ActiveCfg = Debug|Any CPU
		{464349D2-306B-4236-BD94-DA522814392C}.Debug|Any CPU.Build.0 = Debug|Any CPU
		{464349D2-306B-4236-BD94-DA522814392C}.Release|Any CPU.ActiveCfg = Release|Any CPU
		{464349D2-306B-4236-BD94-DA522814392C}.Release|Any CPU.Build.0 = Release|Any CPU
		{1BBFCADC-B562-421A-9A23-882546755607}.Debug|Any CPU.ActiveCfg = Debug|Any CPU
		{1BBFCADC-B562-421A-9A23-882546755607}.Debug|Any CPU.Build.0 = Debug|Any CPU
		{1BBFCADC-B562-421A-9A23-882546755607}.Release|Any CPU.ActiveCfg = Release|Any CPU
		{1BBFCADC-B562-421A-9A23-882546755607}.Release|Any CPU.Build.0 = Release|Any CPU
		{93EF9963-9CFC-4334-87AA-737F2C109146}.Debug|Any CPU.ActiveCfg = Debug|Any CPU
		{93EF9963-9CFC-4334-87AA-737F2C109146}.Debug|Any CPU.Build.0 = Debug|Any CPU
		{93EF9963-9CFC-4334-87AA-737F2C109146}.Release|Any CPU.ActiveCfg = Release|Any CPU
		{93EF9963-9CFC-4334-87AA-737F2C109146}.Release|Any CPU.Build.0 = Release|Any CPU
		{975EC220-6199-49AD-9252-D0FACD5649C1}.Debug|Any CPU.ActiveCfg = Debug|Any CPU
		{975EC220-6199-49AD-9252-D0FACD5649C1}.Debug|Any CPU.Build.0 = Debug|Any CPU
		{975EC220-6199-49AD-9252-D0FACD5649C1}.Release|Any CPU.ActiveCfg = Release|Any CPU
		{975EC220-6199-49AD-9252-D0FACD5649C1}.Release|Any CPU.Build.0 = Release|Any CPU
		{2E18E0E2-6807-4CD4-81A1-3DE950B7DF96}.Debug|Any CPU.ActiveCfg = Debug|Any CPU
		{2E18E0E2-6807-4CD4-81A1-3DE950B7DF96}.Debug|Any CPU.Build.0 = Debug|Any CPU
		{2E18E0E2-6807-4CD4-81A1-3DE950B7DF96}.Release|Any CPU.ActiveCfg = Release|Any CPU
		{2E18E0E2-6807-4CD4-81A1-3DE950B7DF96}.Release|Any CPU.Build.0 = Release|Any CPU
		{2BAF6FF9-3BCC-40E9-BFB4-4A07D4598A12}.Debug|Any CPU.ActiveCfg = Debug|Any CPU
		{2BAF6FF9-3BCC-40E9-BFB4-4A07D4598A12}.Debug|Any CPU.Build.0 = Debug|Any CPU
		{2BAF6FF9-3BCC-40E9-BFB4-4A07D4598A12}.Release|Any CPU.ActiveCfg = Release|Any CPU
		{2BAF6FF9-3BCC-40E9-BFB4-4A07D4598A12}.Release|Any CPU.Build.0 = Release|Any CPU
		{CF40C3C1-4A85-4D79-8667-8C1064828990}.Debug|Any CPU.ActiveCfg = Debug|Any CPU
		{CF40C3C1-4A85-4D79-8667-8C1064828990}.Debug|Any CPU.Build.0 = Debug|Any CPU
		{CF40C3C1-4A85-4D79-8667-8C1064828990}.Release|Any CPU.ActiveCfg = Release|Any CPU
		{CF40C3C1-4A85-4D79-8667-8C1064828990}.Release|Any CPU.Build.0 = Release|Any CPU
		{D83BBF88-D900-4E43-98EF-B892E93BFB56}.Debug|Any CPU.ActiveCfg = Debug|Any CPU
		{D83BBF88-D900-4E43-98EF-B892E93BFB56}.Debug|Any CPU.Build.0 = Debug|Any CPU
		{D83BBF88-D900-4E43-98EF-B892E93BFB56}.Release|Any CPU.ActiveCfg = Release|Any CPU
		{D83BBF88-D900-4E43-98EF-B892E93BFB56}.Release|Any CPU.Build.0 = Release|Any CPU
		{5FE9B5A0-B9C4-4E50-B2BE-78478931C9C0}.Debug|Any CPU.ActiveCfg = Debug|Any CPU
		{5FE9B5A0-B9C4-4E50-B2BE-78478931C9C0}.Debug|Any CPU.Build.0 = Debug|Any CPU
		{5FE9B5A0-B9C4-4E50-B2BE-78478931C9C0}.Release|Any CPU.ActiveCfg = Release|Any CPU
		{5FE9B5A0-B9C4-4E50-B2BE-78478931C9C0}.Release|Any CPU.Build.0 = Release|Any CPU
		{97A9B3E5-B904-4AC0-BD48-8098A899F131}.Debug|Any CPU.ActiveCfg = Debug|Any CPU
		{97A9B3E5-B904-4AC0-BD48-8098A899F131}.Debug|Any CPU.Build.0 = Debug|Any CPU
		{97A9B3E5-B904-4AC0-BD48-8098A899F131}.Release|Any CPU.ActiveCfg = Release|Any CPU
		{97A9B3E5-B904-4AC0-BD48-8098A899F131}.Release|Any CPU.Build.0 = Release|Any CPU
	EndGlobalSection
	GlobalSection(SolutionProperties) = preSolution
		HideSolutionNode = FALSE
	EndGlobalSection
	GlobalSection(NestedProjects) = preSolution
		{ED3EC63D-29DB-4CE9-942D-A484F9ED3E53} = {02EA681E-C7D8-13C7-8484-4AC65E1B71E8}
		{781B92A2-3024-4078-A17A-9A645FC2A94F} = {02EA681E-C7D8-13C7-8484-4AC65E1B71E8}
		{4FBE0979-0279-45D0-9066-8C946B0B62D8} = {02EA681E-C7D8-13C7-8484-4AC65E1B71E8}
		{09CF981C-B572-4B43-85CB-BEA064F1C312} = {C1997477-B591-4AF0-9EE3-10F78067FA5E}
		{452CF60F-BA34-4A9C-91F7-EF4544FB44F2} = {C1997477-B591-4AF0-9EE3-10F78067FA5E}
		{464349D2-306B-4236-BD94-DA522814392C} = {C1997477-B591-4AF0-9EE3-10F78067FA5E}
		{1BBFCADC-B562-421A-9A23-882546755607} = {116CE95A-4B9B-4B9F-8803-9D1A0AE61B31}
		{93EF9963-9CFC-4334-87AA-737F2C109146} = {116CE95A-4B9B-4B9F-8803-9D1A0AE61B31}
		{975EC220-6199-49AD-9252-D0FACD5649C1} = {116CE95A-4B9B-4B9F-8803-9D1A0AE61B31}
		{2E18E0E2-6807-4CD4-81A1-3DE950B7DF96} = {7AC58F04-B4F3-42BF-A704-71BAB33B8336}
		{2BAF6FF9-3BCC-40E9-BFB4-4A07D4598A12} = {7AC58F04-B4F3-42BF-A704-71BAB33B8336}
		{CF40C3C1-4A85-4D79-8667-8C1064828990} = {7AC58F04-B4F3-42BF-A704-71BAB33B8336}
		{D83BBF88-D900-4E43-98EF-B892E93BFB56} = {6A4938C1-2AA6-4709-9E80-C29702C75285}
		{5FE9B5A0-B9C4-4E50-B2BE-78478931C9C0} = {6A4938C1-2AA6-4709-9E80-C29702C75285}
		{97A9B3E5-B904-4AC0-BD48-8098A899F131} = {6A4938C1-2AA6-4709-9E80-C29702C75285}
	EndGlobalSection
	GlobalSection(ExtensibilityGlobals) = postSolution
		SolutionGuid = {567665E5-FE02-4C8D-AEC1-BBABC937A1D6}
	EndGlobalSection
EndGlobal
